{
    "_readme": [
        "This file locks the dependencies of your project to a known state",
        "Read more about it at https://getcomposer.org/doc/01-basic-usage.md#composer-lock-the-lock-file",
        "This file is @generated automatically"
    ],
    "content-hash": "56d4efcc403552c9666d9fd045d949e5",
    "packages": [
        {
            "name": "mpociot/vat-calculator",
            "version": "2.2.0",
            "source": {
                "type": "git",
                "url": "https://github.com/mpociot/vat-calculator.git",
                "reference": "86776da690401903dedc5697f5192852a2f84f58"
            },
            "dist": {
                "type": "zip",
                "url": "https://api.github.com/repos/mpociot/vat-calculator/zipball/86776da690401903dedc5697f5192852a2f84f58",
                "reference": "86776da690401903dedc5697f5192852a2f84f58",
                "shasum": ""
            },
            "require": {
                "ext-soap": "*",
                "php": ">=5.5.9"
            },
            "require-dev": {
                "illuminate/support": "~5.0",
                "illuminate/validation": "~5.0",
                "mockery/mockery": "dev-master",
                "orchestra/testbench": "~3.0",
                "phpunit/phpunit": "4.7.*"
            },
            "type": "library",
            "autoload": {
                "classmap": [
                    "src/controllers/Controller.php"
                ],
                "psr-0": {
                    "Mpociot\\VatCalculator": "src/"
                }
            },
            "notification-url": "https://packagist.org/downloads/",
            "license": [
                "MIT"
            ],
            "authors": [
                {
                    "name": "Marcel Pociot",
                    "email": "m.pociot@gmail.com"
                }
            ],
            "description": "EU VAT calculation, the way it should be.",
            "keywords": [
                "EU Moss",
                "VAT ID",
                "cashier",
                "tax",
                "tax calculation",
                "vat",
                "vat calculation"
            ],
            "time": "2017-04-11T10:14:32+00:00"
        }
    ],
    "packages-dev": [],
    "aliases": [],
    "minimum-stability": "stable",
    "stability-flags": [],
    "prefer-stable": false,
    "prefer-lowest": false,
    "platform": [],
    "platform-dev": []
}
